
Microsoft Visual Studio Solution File, Format Version 12.00
# Visual Studio Version 16
VisualStudioVersion = 16.0.31112.23
MinimumVisualStudioVersion = 10.0.40219.1
Project("{9A19103F-16F7-4668-BE54-9A1E7A4F7556}") = "Section01", "Section01\Section01.csproj", "{D9D6DFA2-EF20-4200-AB1E-9FB5C27631C2}"
EndProject
Project("{2150E333-8FDC-42A3-9474-1A3956D46DE8}") = "chapter03", "chapter03", "{B2C2D6FD-FB34-4A4C-8439-B80A41BBA8B9}"
EndProject
Project("{2150E333-8FDC-42A3-9474-1A3956D46DE8}") = "chapter02", "chapter02", "{8ED8F612-1203-499F-98B9-C9AFCC2042E9}"
EndProject
Project("{2150E333-8FDC-42A3-9474-1A3956D46DE8}") = "Exercisse", "Exercisse", "{78EB5D51-70FC-4CAC-89CE-DDCC68915944}"
EndProject
Project("{FAE04EC0-301F-11D3-BF4B-00C04F79EFBC}") = "Exercise1", "Exercise1\Exercise1.csproj", "{5BD83EB2-3BAF-495F-9263-2B538E2E9E20}"
EndProject
Project("{FAE04EC0-301F-11D3-BF4B-00C04F79EFBC}") = "Exercise2", "Exercise2\Exercise2.csproj", "{2A36598B-DB74-41A9-A64C-A383B37CF6BA}"
EndProject
Project("{FAE04EC0-301F-11D3-BF4B-00C04F79EFBC}") = "Exercise3", "Exercise3\Exercise3.csproj", "{60031AC0-43A9-4C1F-A576-A6BA7000B9D1}"
EndProject
Project("{FAE04EC0-301F-11D3-BF4B-00C04F79EFBC}") = "DistanceConverter", "DistanceConverter\DistanceConverter.csproj", "{5CE32858-70D1-4B49-9916-F340BEB6EF99}"
EndProject
Project("{FAE04EC0-301F-11D3-BF4B-00C04F79EFBC}") = "SalesCalculator", "SalesCalculator\SalesCalculator.csproj", "{473102FF-52F8-4442-9466-BE7CD5B57039}"
EndProject
Project("{2150E333-8FDC-42A3-9474-1A3956D46DE8}") = "chapter04", "chapter04", "{2FE1A0DE-E1D6-4F0A-AF30-0FA2B01ADEFF}"
EndProject
Project("{2150E333-8FDC-42A3-9474-1A3956D46DE8}") = "Exercise", "Exercise", "{8520DC1F-8B48-44F2-90BA-A72AB1B5F2B2}"
EndProject
Project("{FAE04EC0-301F-11D3-BF4B-00C04F79EFBC}") = "Exercise1", "Exrcise01\Exercise1.csproj", "{5B75E028-A4AB-428F-A2BF-26F2C1A4A3BE}"
EndProject
Project("{FAE04EC0-301F-11D3-BF4B-00C04F79EFBC}") = "Exercise2", "Exrcise2\Exercise2.csproj", "{12FDED4B-00AB-4E9C-8D8F-C0FEDC2317A1}"
EndProject
Project("{FAE04EC0-301F-11D3-BF4B-00C04F79EFBC}") = "Section01", "chapter04\Section01\Section01.csproj", "{D46588CF-6465-45A9-8D68-F6DC418680F5}"
EndProject
Project("{FAE04EC0-301F-11D3-BF4B-00C04F79EFBC}") = "Exercise1", "chapter05\Exercise1\Exercise1.csproj", "{F6AF458B-28E9-44A9-8E6D-6F2A19DC44EA}"
EndProject
Project("{2150E333-8FDC-42A3-9474-1A3956D46DE8}") = "chapter05", "chapter05", "{69308D03-8FC6-4B8B-BF88-0B5B5543D913}"
EndProject
Project("{FAE04EC0-301F-11D3-BF4B-00C04F79EFBC}") = "Test01", "TestProject\Test01\Test01.csproj", "{2BFACDC3-F44D-4199-8498-F5C3C4AC0335}"
EndProject
Project("{FAE04EC0-301F-11D3-BF4B-00C04F79EFBC}") = "Test02", "TestProject\Test02\Test02.csproj", "{E461C0A8-8900-485C-B520-E929BA33F712}"
EndProject
Project("{2150E333-8FDC-42A3-9474-1A3956D46DE8}") = "TestProject", "TestProject", "{7EFD5316-D18C-4886-8378-81A785C91858}"
EndProject
Project("{FAE04EC0-301F-11D3-BF4B-00C04F79EFBC}") = "Exercise2", "chapter05\Exercise2\Exercise2.csproj", "{E0702D78-2BA3-4B80-8554-3AF325B83C41}"
EndProject
Project("{FAE04EC0-301F-11D3-BF4B-00C04F79EFBC}") = "Exercise3", "chapter05\Exercise3\Exercise3.csproj", "{A0E8CD37-859B-42F1-AB09-F84FBBF1B7F9}"
EndProject
Project("{FAE04EC0-301F-11D3-BF4B-00C04F79EFBC}") = "Section01", "chapter06\Section01\Section01.csproj", "{3551F2A6-2F86-46E3-9240-69FBAE30EA2A}"
EndProject
Project("{2150E333-8FDC-42A3-9474-1A3956D46DE8}") = "chapter06", "chapter06", "{C0DF707D-533A-47B2-B64F-7B452A52A79A}"
EndProject
Project("{FAE04EC0-301F-11D3-BF4B-00C04F79EFBC}") = "Ecercise1", "chapter06\Exercise1\Ecercise1\Ecercise1.csproj", "{49EFB08F-3542-4213-A75A-4BFEAEC1EFF0}"
EndProject
Project("{2150E333-8FDC-42A3-9474-1A3956D46DE8}") = "Exercise", "Exercise", "{CEC05056-0353-4F99-9423-B5803D2E0BEA}"
EndProject
Project("{FAE04EC0-301F-11D3-BF4B-00C04F79EFBC}") = "Exercise2", "chapter06\Exercise2\Exercise2\Exercise2.csproj", "{D51F8E5D-DD82-4E7C-AEA3-8204B43F961D}"
EndProject
Project("{FAE04EC0-301F-11D3-BF4B-00C04F79EFBC}") = "Exercise1", "chapter07\Exercise1\Exercise1.csproj", "{1A745AA3-4E1A-4F0C-8C41-6667EB73DCBC}"
EndProject
Project("{2150E333-8FDC-42A3-9474-1A3956D46DE8}") = "chapter07", "chapter07", "{FF4DF41B-6CC4-48CF-8A8A-847074B418C1}"
EndProject
Project("{FAE04EC0-301F-11D3-BF4B-00C04F79EFBC}") = "Section03", "chapter07\Section03\Section03.csproj", "{78C11872-D371-4756-8FBA-C99D651B30BD}"
EndProject
Project("{2150E333-8FDC-42A3-9474-1A3956D46DE8}") = "chapter08", "chapter08", "{C3D72362-0742-488F-887C-4774B5AEEC6C}"
EndProject
Project("{FAE04EC0-301F-11D3-BF4B-00C04F79EFBC}") = "Exercise1", "chapter08\Exercise1\Exercise1.csproj", "{0DED5BF6-4568-49BF-B68D-0A56708F395E}"
EndProject
Project("{2150E333-8FDC-42A3-9474-1A3956D46DE8}") = "Exercise", "Exercise", "{28C5DFDF-D909-44DB-8DB4-37105BA059A5}"
EndProject
Project("{FAE04EC0-301F-11D3-BF4B-00C04F79EFBC}") = "Exercise1", "chapter08\Exercise\Exercise1\Exercise1.csproj", "{F0C81036-C90D-4399-88A7-A6FFC6F5B0AE}"
EndProject
Project("{FAE04EC0-301F-11D3-BF4B-00C04F79EFBC}") = "StopWatch", "chapter08\StopWatch\StopWatch.csproj", "{D878976B-F1DD-4B90-B7F9-6544ACCFC814}"
EndProject
Project("{FAE04EC0-301F-11D3-BF4B-00C04F79EFBC}") = "CarReportSystem", "CarReportSystem\CarReportSystem\CarReportSystem.csproj", "{4709840C-A1B3-44DF-85FB-EFE3C8806911}"
EndProject
Project("{FAE04EC0-301F-11D3-BF4B-00C04F79EFBC}") = "Exercise1", "Chapter09\Exercise1\Exercise1.csproj", "{1A1583BF-A7A0-4594-B0F7-F5389FE335DE}"
EndProject
Project("{2150E333-8FDC-42A3-9474-1A3956D46DE8}") = "chapter09", "chapter09", "{639EA588-D3A8-4E13-AF39-E43F2464D856}"
EndProject
Project("{FAE04EC0-301F-11D3-BF4B-00C04F79EFBC}") = "Exercise2", "Chapter09\Exercise2\Exercise2.csproj", "{72E4D5C2-3644-4BDD-B29C-0885542D22C8}"
EndProject
Project("{FAE04EC0-301F-11D3-BF4B-00C04F79EFBC}") = "Exercise3", "Chapter09\Exercise3\Exercise3.csproj", "{BDF24FEC-4960-452D-A85E-80854AA60D6E}"
EndProject
Project("{FAE04EC0-301F-11D3-BF4B-00C04F79EFBC}") = "Sample0823", "Sample0823\Sample0823.csproj", "{92F2878A-F25F-4835-88AA-9B8A9B52FCB7}"
EndProject
Project("{FAE04EC0-301F-11D3-BF4B-00C04F79EFBC}") = "Section01", "chapter11\Section01\Section01.csproj", "{A207597C-75AE-4F15-AB87-AD57F7F3BDF2}"
EndProject
Project("{2150E333-8FDC-42A3-9474-1A3956D46DE8}") = "chapter11", "chapter11", "{FFF4B714-8E75-4142-89D0-90FF6B331033}"
	ProjectSection(SolutionItems) = preProject
		..\..\..\..\Downloads\novelists.xml = ..\..\..\..\Downloads\novelists.xml
	EndProjectSection
EndProject
Project("{FAE04EC0-301F-11D3-BF4B-00C04F79EFBC}") = "Exercise1", "chapter11\Exercise1\Exercise1.csproj", "{CA800208-E3FA-43FA-8FD2-CB2B5C5A68B6}"
EndProject
Project("{FAE04EC0-301F-11D3-BF4B-00C04F79EFBC}") = "Section02", "chapter11\Section02\Section02.csproj", "{29D05295-3FFC-4AAE-879C-E326813547A3}"
EndProject
Project("{2150E333-8FDC-42A3-9474-1A3956D46DE8}") = "chapter14", "chapter14", "{60EC972D-7F4A-4477-8991-132D5D963110}"
EndProject
Project("{FAE04EC0-301F-11D3-BF4B-00C04F79EFBC}") = "Section04", "chapter14\ConsoleApp1\Section04.csproj", "{22612EC0-AA5F-49C6-9E7F-D421DF97C5F9}"
EndProject
Project("{2150E333-8FDC-42A3-9474-1A3956D46DE8}") = "WeatherApp", "WeatherApp", "{9A864B93-337E-4408-8102-C4D7B6714DFF}"
EndProject
Project("{FAE04EC0-301F-11D3-BF4B-00C04F79EFBC}") = "WeatherApp", "WeatherApp\WeatherApp\WeatherApp.csproj", "{B3FC73EC-619C-411E-9ABB-DAAC8A2615DC}"
EndProject
Project("{2150E333-8FDC-42A3-9474-1A3956D46DE8}") = "RssReader", "RssReader", "{E9AC831A-B0B8-43FD-8F1B-64AD1A88F0EF}"
EndProject
Project("{FAE04EC0-301F-11D3-BF4B-00C04F79EFBC}") = "RssReader", "RssReader\RssReader\RssReader.csproj", "{7C5F9C9F-56F0-4167-8C57-E8D078BA3B3C}"
EndProject
Project("{2150E333-8FDC-42A3-9474-1A3956D46DE8}") = "SendMail", "SendMail", "{B916C8E2-42D7-43B6-A74F-E2C7EAB52F7F}"
EndProject
Project("{FAE04EC0-301F-11D3-BF4B-00C04F79EFBC}") = "SendMail", "SendMail\SendMail\SendMail.csproj", "{979EAC38-DD9A-4407-BD06-BAF6BFCB470E}"
EndProject
Project("{FAE04EC0-301F-11D3-BF4B-00C04F79EFBC}") = "Section04_Json", "chapter14\Section04_Json\Section04_Json.csproj", "{2E75D98E-AB55-4A27-B098-3F85046B9294}"
EndProject
Global
	GlobalSection(SolutionConfigurationPlatforms) = preSolution
		Debug|Any CPU = Debug|Any CPU
		Release|Any CPU = Release|Any CPU
	EndGlobalSection
	GlobalSection(ProjectConfigurationPlatforms) = postSolution
		{D9D6DFA2-EF20-4200-AB1E-9FB5C27631C2}.Debug|Any CPU.ActiveCfg = Debug|Any CPU
		{D9D6DFA2-EF20-4200-AB1E-9FB5C27631C2}.Debug|Any CPU.Build.0 = Debug|Any CPU
		{D9D6DFA2-EF20-4200-AB1E-9FB5C27631C2}.Release|Any CPU.ActiveCfg = Release|Any CPU
		{D9D6DFA2-EF20-4200-AB1E-9FB5C27631C2}.Release|Any CPU.Build.0 = Release|Any CPU
		{5BD83EB2-3BAF-495F-9263-2B538E2E9E20}.Debug|Any CPU.ActiveCfg = Debug|Any CPU
		{5BD83EB2-3BAF-495F-9263-2B538E2E9E20}.Debug|Any CPU.Build.0 = Debug|Any CPU
		{5BD83EB2-3BAF-495F-9263-2B538E2E9E20}.Release|Any CPU.ActiveCfg = Release|Any CPU
		{5BD83EB2-3BAF-495F-9263-2B538E2E9E20}.Release|Any CPU.Build.0 = Release|Any CPU
		{2A36598B-DB74-41A9-A64C-A383B37CF6BA}.Debug|Any CPU.ActiveCfg = Debug|Any CPU
		{2A36598B-DB74-41A9-A64C-A383B37CF6BA}.Debug|Any CPU.Build.0 = Debug|Any CPU
		{2A36598B-DB74-41A9-A64C-A383B37CF6BA}.Release|Any CPU.ActiveCfg = Release|Any CPU
		{2A36598B-DB74-41A9-A64C-A383B37CF6BA}.Release|Any CPU.Build.0 = Release|Any CPU
		{60031AC0-43A9-4C1F-A576-A6BA7000B9D1}.Debug|Any CPU.ActiveCfg = Debug|Any CPU
		{60031AC0-43A9-4C1F-A576-A6BA7000B9D1}.Debug|Any CPU.Build.0 = Debug|Any CPU
		{60031AC0-43A9-4C1F-A576-A6BA7000B9D1}.Release|Any CPU.ActiveCfg = Release|Any CPU
		{60031AC0-43A9-4C1F-A576-A6BA7000B9D1}.Release|Any CPU.Build.0 = Release|Any CPU
		{5CE32858-70D1-4B49-9916-F340BEB6EF99}.Debug|Any CPU.ActiveCfg = Debug|Any CPU
		{5CE32858-70D1-4B49-9916-F340BEB6EF99}.Debug|Any CPU.Build.0 = Debug|Any CPU
		{5CE32858-70D1-4B49-9916-F340BEB6EF99}.Release|Any CPU.ActiveCfg = Release|Any CPU
		{5CE32858-70D1-4B49-9916-F340BEB6EF99}.Release|Any CPU.Build.0 = Release|Any CPU
		{473102FF-52F8-4442-9466-BE7CD5B57039}.Debug|Any CPU.ActiveCfg = Debug|Any CPU
		{473102FF-52F8-4442-9466-BE7CD5B57039}.Debug|Any CPU.Build.0 = Debug|Any CPU
		{473102FF-52F8-4442-9466-BE7CD5B57039}.Release|Any CPU.ActiveCfg = Release|Any CPU
		{473102FF-52F8-4442-9466-BE7CD5B57039}.Release|Any CPU.Build.0 = Release|Any CPU
		{5B75E028-A4AB-428F-A2BF-26F2C1A4A3BE}.Debug|Any CPU.ActiveCfg = Debug|Any CPU
		{5B75E028-A4AB-428F-A2BF-26F2C1A4A3BE}.Debug|Any CPU.Build.0 = Debug|Any CPU
		{5B75E028-A4AB-428F-A2BF-26F2C1A4A3BE}.Release|Any CPU.ActiveCfg = Release|Any CPU
		{5B75E028-A4AB-428F-A2BF-26F2C1A4A3BE}.Release|Any CPU.Build.0 = Release|Any CPU
		{12FDED4B-00AB-4E9C-8D8F-C0FEDC2317A1}.Debug|Any CPU.ActiveCfg = Debug|Any CPU
		{12FDED4B-00AB-4E9C-8D8F-C0FEDC2317A1}.Debug|Any CPU.Build.0 = Debug|Any CPU
		{12FDED4B-00AB-4E9C-8D8F-C0FEDC2317A1}.Release|Any CPU.ActiveCfg = Release|Any CPU
		{12FDED4B-00AB-4E9C-8D8F-C0FEDC2317A1}.Release|Any CPU.Build.0 = Release|Any CPU
		{D46588CF-6465-45A9-8D68-F6DC418680F5}.Debug|Any CPU.ActiveCfg = Debug|Any CPU
		{D46588CF-6465-45A9-8D68-F6DC418680F5}.Debug|Any CPU.Build.0 = Debug|Any CPU
		{D46588CF-6465-45A9-8D68-F6DC418680F5}.Release|Any CPU.ActiveCfg = Release|Any CPU
		{D46588CF-6465-45A9-8D68-F6DC418680F5}.Release|Any CPU.Build.0 = Release|Any CPU
		{F6AF458B-28E9-44A9-8E6D-6F2A19DC44EA}.Debug|Any CPU.ActiveCfg = Debug|Any CPU
		{F6AF458B-28E9-44A9-8E6D-6F2A19DC44EA}.Debug|Any CPU.Build.0 = Debug|Any CPU
		{F6AF458B-28E9-44A9-8E6D-6F2A19DC44EA}.Release|Any CPU.ActiveCfg = Release|Any CPU
		{F6AF458B-28E9-44A9-8E6D-6F2A19DC44EA}.Release|Any CPU.Build.0 = Release|Any CPU
		{2BFACDC3-F44D-4199-8498-F5C3C4AC0335}.Debug|Any CPU.ActiveCfg = Debug|Any CPU
		{2BFACDC3-F44D-4199-8498-F5C3C4AC0335}.Debug|Any CPU.Build.0 = Debug|Any CPU
		{2BFACDC3-F44D-4199-8498-F5C3C4AC0335}.Release|Any CPU.ActiveCfg = Release|Any CPU
		{2BFACDC3-F44D-4199-8498-F5C3C4AC0335}.Release|Any CPU.Build.0 = Release|Any CPU
		{E461C0A8-8900-485C-B520-E929BA33F712}.Debug|Any CPU.ActiveCfg = Debug|Any CPU
		{E461C0A8-8900-485C-B520-E929BA33F712}.Debug|Any CPU.Build.0 = Debug|Any CPU
		{E461C0A8-8900-485C-B520-E929BA33F712}.Release|Any CPU.ActiveCfg = Release|Any CPU
		{E461C0A8-8900-485C-B520-E929BA33F712}.Release|Any CPU.Build.0 = Release|Any CPU
		{E0702D78-2BA3-4B80-8554-3AF325B83C41}.Debug|Any CPU.ActiveCfg = Debug|Any CPU
		{E0702D78-2BA3-4B80-8554-3AF325B83C41}.Debug|Any CPU.Build.0 = Debug|Any CPU
		{E0702D78-2BA3-4B80-8554-3AF325B83C41}.Release|Any CPU.ActiveCfg = Release|Any CPU
		{E0702D78-2BA3-4B80-8554-3AF325B83C41}.Release|Any CPU.Build.0 = Release|Any CPU
		{A0E8CD37-859B-42F1-AB09-F84FBBF1B7F9}.Debug|Any CPU.ActiveCfg = Debug|Any CPU
		{A0E8CD37-859B-42F1-AB09-F84FBBF1B7F9}.Debug|Any CPU.Build.0 = Debug|Any CPU
		{A0E8CD37-859B-42F1-AB09-F84FBBF1B7F9}.Release|Any CPU.ActiveCfg = Release|Any CPU
		{A0E8CD37-859B-42F1-AB09-F84FBBF1B7F9}.Release|Any CPU.Build.0 = Release|Any CPU
		{3551F2A6-2F86-46E3-9240-69FBAE30EA2A}.Debug|Any CPU.ActiveCfg = Debug|Any CPU
		{3551F2A6-2F86-46E3-9240-69FBAE30EA2A}.Debug|Any CPU.Build.0 = Debug|Any CPU
		{3551F2A6-2F86-46E3-9240-69FBAE30EA2A}.Release|Any CPU.ActiveCfg = Release|Any CPU
		{3551F2A6-2F86-46E3-9240-69FBAE30EA2A}.Release|Any CPU.Build.0 = Release|Any CPU
		{49EFB08F-3542-4213-A75A-4BFEAEC1EFF0}.Debug|Any CPU.ActiveCfg = Debug|Any CPU
		{49EFB08F-3542-4213-A75A-4BFEAEC1EFF0}.Debug|Any CPU.Build.0 = Debug|Any CPU
		{49EFB08F-3542-4213-A75A-4BFEAEC1EFF0}.Release|Any CPU.ActiveCfg = Release|Any CPU
		{49EFB08F-3542-4213-A75A-4BFEAEC1EFF0}.Release|Any CPU.Build.0 = Release|Any CPU
		{D51F8E5D-DD82-4E7C-AEA3-8204B43F961D}.Debug|Any CPU.ActiveCfg = Debug|Any CPU
		{D51F8E5D-DD82-4E7C-AEA3-8204B43F961D}.Debug|Any CPU.Build.0 = Debug|Any CPU
		{D51F8E5D-DD82-4E7C-AEA3-8204B43F961D}.Release|Any CPU.ActiveCfg = Release|Any CPU
		{D51F8E5D-DD82-4E7C-AEA3-8204B43F961D}.Release|Any CPU.Build.0 = Release|Any CPU
		{1A745AA3-4E1A-4F0C-8C41-6667EB73DCBC}.Debug|Any CPU.ActiveCfg = Debug|Any CPU
		{1A745AA3-4E1A-4F0C-8C41-6667EB73DCBC}.Debug|Any CPU.Build.0 = Debug|Any CPU
		{1A745AA3-4E1A-4F0C-8C41-6667EB73DCBC}.Release|Any CPU.ActiveCfg = Release|Any CPU
		{1A745AA3-4E1A-4F0C-8C41-6667EB73DCBC}.Release|Any CPU.Build.0 = Release|Any CPU
		{78C11872-D371-4756-8FBA-C99D651B30BD}.Debug|Any CPU.ActiveCfg = Debug|Any CPU
		{78C11872-D371-4756-8FBA-C99D651B30BD}.Debug|Any CPU.Build.0 = Debug|Any CPU
		{78C11872-D371-4756-8FBA-C99D651B30BD}.Release|Any CPU.ActiveCfg = Release|Any CPU
		{78C11872-D371-4756-8FBA-C99D651B30BD}.Release|Any CPU.Build.0 = Release|Any CPU
		{0DED5BF6-4568-49BF-B68D-0A56708F395E}.Debug|Any CPU.ActiveCfg = Debug|Any CPU
		{0DED5BF6-4568-49BF-B68D-0A56708F395E}.Debug|Any CPU.Build.0 = Debug|Any CPU
		{0DED5BF6-4568-49BF-B68D-0A56708F395E}.Release|Any CPU.ActiveCfg = Release|Any CPU
		{0DED5BF6-4568-49BF-B68D-0A56708F395E}.Release|Any CPU.Build.0 = Release|Any CPU
		{F0C81036-C90D-4399-88A7-A6FFC6F5B0AE}.Debug|Any CPU.ActiveCfg = Debug|Any CPU
		{F0C81036-C90D-4399-88A7-A6FFC6F5B0AE}.Debug|Any CPU.Build.0 = Debug|Any CPU
		{F0C81036-C90D-4399-88A7-A6FFC6F5B0AE}.Release|Any CPU.ActiveCfg = Release|Any CPU
		{F0C81036-C90D-4399-88A7-A6FFC6F5B0AE}.Release|Any CPU.Build.0 = Release|Any CPU
		{D878976B-F1DD-4B90-B7F9-6544ACCFC814}.Debug|Any CPU.ActiveCfg = Debug|Any CPU
		{D878976B-F1DD-4B90-B7F9-6544ACCFC814}.Debug|Any CPU.Build.0 = Debug|Any CPU
		{D878976B-F1DD-4B90-B7F9-6544ACCFC814}.Release|Any CPU.ActiveCfg = Release|Any CPU
		{D878976B-F1DD-4B90-B7F9-6544ACCFC814}.Release|Any CPU.Build.0 = Release|Any CPU
		{4709840C-A1B3-44DF-85FB-EFE3C8806911}.Debug|Any CPU.ActiveCfg = Debug|Any CPU
		{4709840C-A1B3-44DF-85FB-EFE3C8806911}.Debug|Any CPU.Build.0 = Debug|Any CPU
		{4709840C-A1B3-44DF-85FB-EFE3C8806911}.Release|Any CPU.ActiveCfg = Release|Any CPU
		{4709840C-A1B3-44DF-85FB-EFE3C8806911}.Release|Any CPU.Build.0 = Release|Any CPU
		{1A1583BF-A7A0-4594-B0F7-F5389FE335DE}.Debug|Any CPU.ActiveCfg = Debug|Any CPU
		{1A1583BF-A7A0-4594-B0F7-F5389FE335DE}.Debug|Any CPU.Build.0 = Debug|Any CPU
		{1A1583BF-A7A0-4594-B0F7-F5389FE335DE}.Release|Any CPU.ActiveCfg = Release|Any CPU
		{1A1583BF-A7A0-4594-B0F7-F5389FE335DE}.Release|Any CPU.Build.0 = Release|Any CPU
		{72E4D5C2-3644-4BDD-B29C-0885542D22C8}.Debug|Any CPU.ActiveCfg = Debug|Any CPU
		{72E4D5C2-3644-4BDD-B29C-0885542D22C8}.Debug|Any CPU.Build.0 = Debug|Any CPU
		{72E4D5C2-3644-4BDD-B29C-0885542D22C8}.Release|Any CPU.ActiveCfg = Release|Any CPU
		{72E4D5C2-3644-4BDD-B29C-0885542D22C8}.Release|Any CPU.Build.0 = Release|Any CPU
		{BDF24FEC-4960-452D-A85E-80854AA60D6E}.Debug|Any CPU.ActiveCfg = Debug|Any CPU
		{BDF24FEC-4960-452D-A85E-80854AA60D6E}.Debug|Any CPU.Build.0 = Debug|Any CPU
		{BDF24FEC-4960-452D-A85E-80854AA60D6E}.Release|Any CPU.ActiveCfg = Release|Any CPU
		{BDF24FEC-4960-452D-A85E-80854AA60D6E}.Release|Any CPU.Build.0 = Release|Any CPU
		{92F2878A-F25F-4835-88AA-9B8A9B52FCB7}.Debug|Any CPU.ActiveCfg = Debug|Any CPU
		{92F2878A-F25F-4835-88AA-9B8A9B52FCB7}.Debug|Any CPU.Build.0 = Debug|Any CPU
		{92F2878A-F25F-4835-88AA-9B8A9B52FCB7}.Release|Any CPU.ActiveCfg = Release|Any CPU
		{92F2878A-F25F-4835-88AA-9B8A9B52FCB7}.Release|Any CPU.Build.0 = Release|Any CPU
		{A207597C-75AE-4F15-AB87-AD57F7F3BDF2}.Debug|Any CPU.ActiveCfg = Debug|Any CPU
		{A207597C-75AE-4F15-AB87-AD57F7F3BDF2}.Debug|Any CPU.Build.0 = Debug|Any CPU
		{A207597C-75AE-4F15-AB87-AD57F7F3BDF2}.Release|Any CPU.ActiveCfg = Release|Any CPU
		{A207597C-75AE-4F15-AB87-AD57F7F3BDF2}.Release|Any CPU.Build.0 = Release|Any CPU
		{CA800208-E3FA-43FA-8FD2-CB2B5C5A68B6}.Debug|Any CPU.ActiveCfg = Debug|Any CPU
		{CA800208-E3FA-43FA-8FD2-CB2B5C5A68B6}.Debug|Any CPU.Build.0 = Debug|Any CPU
		{CA800208-E3FA-43FA-8FD2-CB2B5C5A68B6}.Release|Any CPU.ActiveCfg = Release|Any CPU
		{CA800208-E3FA-43FA-8FD2-CB2B5C5A68B6}.Release|Any CPU.Build.0 = Release|Any CPU
		{29D05295-3FFC-4AAE-879C-E326813547A3}.Debug|Any CPU.ActiveCfg = Debug|Any CPU
		{29D05295-3FFC-4AAE-879C-E326813547A3}.Debug|Any CPU.Build.0 = Debug|Any CPU
		{29D05295-3FFC-4AAE-879C-E326813547A3}.Release|Any CPU.ActiveCfg = Release|Any CPU
		{29D05295-3FFC-4AAE-879C-E326813547A3}.Release|Any CPU.Build.0 = Release|Any CPU
		{22612EC0-AA5F-49C6-9E7F-D421DF97C5F9}.Debug|Any CPU.ActiveCfg = Debug|Any CPU
		{22612EC0-AA5F-49C6-9E7F-D421DF97C5F9}.Debug|Any CPU.Build.0 = Debug|Any CPU
		{22612EC0-AA5F-49C6-9E7F-D421DF97C5F9}.Release|Any CPU.ActiveCfg = Release|Any CPU
		{22612EC0-AA5F-49C6-9E7F-D421DF97C5F9}.Release|Any CPU.Build.0 = Release|Any CPU
		{B3FC73EC-619C-411E-9ABB-DAAC8A2615DC}.Debug|Any CPU.ActiveCfg = Debug|Any CPU
		{B3FC73EC-619C-411E-9ABB-DAAC8A2615DC}.Debug|Any CPU.Build.0 = Debug|Any CPU
		{B3FC73EC-619C-411E-9ABB-DAAC8A2615DC}.Release|Any CPU.ActiveCfg = Release|Any CPU
		{B3FC73EC-619C-411E-9ABB-DAAC8A2615DC}.Release|Any CPU.Build.0 = Release|Any CPU
		{7C5F9C9F-56F0-4167-8C57-E8D078BA3B3C}.Debug|Any CPU.ActiveCfg = Debug|Any CPU
		{7C5F9C9F-56F0-4167-8C57-E8D078BA3B3C}.Debug|Any CPU.Build.0 = Debug|Any CPU
		{7C5F9C9F-56F0-4167-8C57-E8D078BA3B3C}.Release|Any CPU.ActiveCfg = Release|Any CPU
		{7C5F9C9F-56F0-4167-8C57-E8D078BA3B3C}.Release|Any CPU.Build.0 = Release|Any CPU
		{979EAC38-DD9A-4407-BD06-BAF6BFCB470E}.Debug|Any CPU.ActiveCfg = Debug|Any CPU
		{979EAC38-DD9A-4407-BD06-BAF6BFCB470E}.Debug|Any CPU.Build.0 = Debug|Any CPU
		{979EAC38-DD9A-4407-BD06-BAF6BFCB470E}.Release|Any CPU.ActiveCfg = Release|Any CPU
		{979EAC38-DD9A-4407-BD06-BAF6BFCB470E}.Release|Any CPU.Build.0 = Release|Any CPU
		{2E75D98E-AB55-4A27-B098-3F85046B9294}.Debug|Any CPU.ActiveCfg = Debug|Any CPU
		{2E75D98E-AB55-4A27-B098-3F85046B9294}.Debug|Any CPU.Build.0 = Debug|Any CPU
		{2E75D98E-AB55-4A27-B098-3F85046B9294}.Release|Any CPU.ActiveCfg = Release|Any CPU
		{2E75D98E-AB55-4A27-B098-3F85046B9294}.Release|Any CPU.Build.0 = Release|Any CPU
	EndGlobalSection
	GlobalSection(SolutionProperties) = preSolution
		HideSolutionNode = FALSE
	EndGlobalSection
	GlobalSection(NestedProjects) = preSolution
		{D9D6DFA2-EF20-4200-AB1E-9FB5C27631C2} = {B2C2D6FD-FB34-4A4C-8439-B80A41BBA8B9}
		{78EB5D51-70FC-4CAC-89CE-DDCC68915944} = {8ED8F612-1203-499F-98B9-C9AFCC2042E9}
		{5BD83EB2-3BAF-495F-9263-2B538E2E9E20} = {78EB5D51-70FC-4CAC-89CE-DDCC68915944}
		{2A36598B-DB74-41A9-A64C-A383B37CF6BA} = {78EB5D51-70FC-4CAC-89CE-DDCC68915944}
		{60031AC0-43A9-4C1F-A576-A6BA7000B9D1} = {78EB5D51-70FC-4CAC-89CE-DDCC68915944}
		{5CE32858-70D1-4B49-9916-F340BEB6EF99} = {8ED8F612-1203-499F-98B9-C9AFCC2042E9}
		{473102FF-52F8-4442-9466-BE7CD5B57039} = {8ED8F612-1203-499F-98B9-C9AFCC2042E9}
		{8520DC1F-8B48-44F2-90BA-A72AB1B5F2B2} = {2FE1A0DE-E1D6-4F0A-AF30-0FA2B01ADEFF}
		{5B75E028-A4AB-428F-A2BF-26F2C1A4A3BE} = {8520DC1F-8B48-44F2-90BA-A72AB1B5F2B2}
		{12FDED4B-00AB-4E9C-8D8F-C0FEDC2317A1} = {8520DC1F-8B48-44F2-90BA-A72AB1B5F2B2}
		{D46588CF-6465-45A9-8D68-F6DC418680F5} = {2FE1A0DE-E1D6-4F0A-AF30-0FA2B01ADEFF}
		{F6AF458B-28E9-44A9-8E6D-6F2A19DC44EA} = {69308D03-8FC6-4B8B-BF88-0B5B5543D913}
		{2BFACDC3-F44D-4199-8498-F5C3C4AC0335} = {7EFD5316-D18C-4886-8378-81A785C91858}
		{E461C0A8-8900-485C-B520-E929BA33F712} = {7EFD5316-D18C-4886-8378-81A785C91858}
		{E0702D78-2BA3-4B80-8554-3AF325B83C41} = {69308D03-8FC6-4B8B-BF88-0B5B5543D913}
		{A0E8CD37-859B-42F1-AB09-F84FBBF1B7F9} = {69308D03-8FC6-4B8B-BF88-0B5B5543D913}
		{3551F2A6-2F86-46E3-9240-69FBAE30EA2A} = {C0DF707D-533A-47B2-B64F-7B452A52A79A}
		{49EFB08F-3542-4213-A75A-4BFEAEC1EFF0} = {CEC05056-0353-4F99-9423-B5803D2E0BEA}
		{CEC05056-0353-4F99-9423-B5803D2E0BEA} = {C0DF707D-533A-47B2-B64F-7B452A52A79A}
		{D51F8E5D-DD82-4E7C-AEA3-8204B43F961D} = {CEC05056-0353-4F99-9423-B5803D2E0BEA}
		{1A745AA3-4E1A-4F0C-8C41-6667EB73DCBC} = {FF4DF41B-6CC4-48CF-8A8A-847074B418C1}
		{78C11872-D371-4756-8FBA-C99D651B30BD} = {FF4DF41B-6CC4-48CF-8A8A-847074B418C1}
		{0DED5BF6-4568-49BF-B68D-0A56708F395E} = {C3D72362-0742-488F-887C-4774B5AEEC6C}
		{28C5DFDF-D909-44DB-8DB4-37105BA059A5} = {C3D72362-0742-488F-887C-4774B5AEEC6C}
		{F0C81036-C90D-4399-88A7-A6FFC6F5B0AE} = {28C5DFDF-D909-44DB-8DB4-37105BA059A5}
		{D878976B-F1DD-4B90-B7F9-6544ACCFC814} = {28C5DFDF-D909-44DB-8DB4-37105BA059A5}
		{1A1583BF-A7A0-4594-B0F7-F5389FE335DE} = {639EA588-D3A8-4E13-AF39-E43F2464D856}
		{72E4D5C2-3644-4BDD-B29C-0885542D22C8} = {639EA588-D3A8-4E13-AF39-E43F2464D856}
		{BDF24FEC-4960-452D-A85E-80854AA60D6E} = {639EA588-D3A8-4E13-AF39-E43F2464D856}
		{A207597C-75AE-4F15-AB87-AD57F7F3BDF2} = {FFF4B714-8E75-4142-89D0-90FF6B331033}
		{CA800208-E3FA-43FA-8FD2-CB2B5C5A68B6} = {FFF4B714-8E75-4142-89D0-90FF6B331033}
		{29D05295-3FFC-4AAE-879C-E326813547A3} = {FFF4B714-8E75-4142-89D0-90FF6B331033}
		{22612EC0-AA5F-49C6-9E7F-D421DF97C5F9} = {60EC972D-7F4A-4477-8991-132D5D963110}
		{B3FC73EC-619C-411E-9ABB-DAAC8A2615DC} = {9A864B93-337E-4408-8102-C4D7B6714DFF}
		{7C5F9C9F-56F0-4167-8C57-E8D078BA3B3C} = {E9AC831A-B0B8-43FD-8F1B-64AD1A88F0EF}
		{979EAC38-DD9A-4407-BD06-BAF6BFCB470E} = {B916C8E2-42D7-43B6-A74F-E2C7EAB52F7F}
		{2E75D98E-AB55-4A27-B098-3F85046B9294} = {60EC972D-7F4A-4477-8991-132D5D963110}
	EndGlobalSection
	GlobalSection(ExtensibilityGlobals) = postSolution
		SolutionGuid = {18D9D72D-0853-453A-970D-67D39D062C81}
	EndGlobalSection
EndGlobal
