
Microsoft Visual Studio Solution File, Format Version 12.00
# Visual Studio Version 16
VisualStudioVersion = 16.0.31112.23
MinimumVisualStudioVersion = 10.0.40219.1
Project("{9A19103F-16F7-4668-BE54-9A1E7A4F7556}") = "Section01", "Section01\Section01.csproj", "{D9D6DFA2-EF20-4200-AB1E-9FB5C27631C2}"
EndProject
Project("{2150E333-8FDC-42A3-9474-1A3956D46DE8}") = "chapter03", "chapter03", "{B2C2D6FD-FB34-4A4C-8439-B80A41BBA8B9}"
EndProject
Project("{2150E333-8FDC-42A3-9474-1A3956D46DE8}") = "chapter02", "chapter02", "{8ED8F612-1203-499F-98B9-C9AFCC2042E9}"
EndProject
Project("{2150E333-8FDC-42A3-9474-1A3956D46DE8}") = "Exercisse", "Exercisse", "{78EB5D51-70FC-4CAC-89CE-DDCC68915944}"
EndProject
Project("{FAE04EC0-301F-11D3-BF4B-00C04F79EFBC}") = "Exercise1", "Exercise1\Exercise1.csproj", "{5BD83EB2-3BAF-495F-9263-2B538E2E9E20}"
EndProject
Project("{FAE04EC0-301F-11D3-BF4B-00C04F79EFBC}") = "Exercise2", "Exercise2\Exercise2.csproj", "{2A36598B-DB74-41A9-A64C-A383B37CF6BA}"
EndProject
Project("{FAE04EC0-301F-11D3-BF4B-00C04F79EFBC}") = "Exercise3", "Exercise3\Exercise3.csproj", "{60031AC0-43A9-4C1F-A576-A6BA7000B9D1}"
EndProject
Project("{FAE04EC0-301F-11D3-BF4B-00C04F79EFBC}") = "DistanceConverter", "DistanceConverter\DistanceConverter.csproj", "{5CE32858-70D1-4B49-9916-F340BEB6EF99}"
EndProject
Project("{FAE04EC0-301F-11D3-BF4B-00C04F79EFBC}") = "SalesCalculator", "SalesCalculator\SalesCalculator.csproj", "{473102FF-52F8-4442-9466-BE7CD5B57039}"
EndProject
Project("{2150E333-8FDC-42A3-9474-1A3956D46DE8}") = "chapter04", "chapter04", "{2FE1A0DE-E1D6-4F0A-AF30-0FA2B01ADEFF}"
EndProject
Project("{2150E333-8FDC-42A3-9474-1A3956D46DE8}") = "Exercise", "Exercise", "{8520DC1F-8B48-44F2-90BA-A72AB1B5F2B2}"
EndProject
Project("{FAE04EC0-301F-11D3-BF4B-00C04F79EFBC}") = "Exercise1", "Exrcise01\Exercise1.csproj", "{5B75E028-A4AB-428F-A2BF-26F2C1A4A3BE}"
EndProject
Project("{FAE04EC0-301F-11D3-BF4B-00C04F79EFBC}") = "Exercise2", "Exrcise2\Exercise2.csproj", "{12FDED4B-00AB-4E9C-8D8F-C0FEDC2317A1}"
EndProject
Project("{FAE04EC0-301F-11D3-BF4B-00C04F79EFBC}") = "Section01", "chapter04\Section01\Section01.csproj", "{D46588CF-6465-45A9-8D68-F6DC418680F5}"
EndProject
Project("{FAE04EC0-301F-11D3-BF4B-00C04F79EFBC}") = "Exercise1", "chapter05\Exercise1\Exercise1.csproj", "{F6AF458B-28E9-44A9-8E6D-6F2A19DC44EA}"
EndProject
Project("{2150E333-8FDC-42A3-9474-1A3956D46DE8}") = "chapter05", "chapter05", "{69308D03-8FC6-4B8B-BF88-0B5B5543D913}"
EndProject
Project("{FAE04EC0-301F-11D3-BF4B-00C04F79EFBC}") = "Test01", "TestProject\Test01\Test01.csproj", "{2BFACDC3-F44D-4199-8498-F5C3C4AC0335}"
EndProject
Project("{FAE04EC0-301F-11D3-BF4B-00C04F79EFBC}") = "Test02", "TestProject\Test02\Test02.csproj", "{E461C0A8-8900-485C-B520-E929BA33F712}"
EndProject
Project("{2150E333-8FDC-42A3-9474-1A3956D46DE8}") = "TestProject", "TestProject", "{7EFD5316-D18C-4886-8378-81A785C91858}"
EndProject
Global
	GlobalSection(SolutionConfigurationPlatforms) = preSolution
		Debug|Any CPU = Debug|Any CPU
		Release|Any CPU = Release|Any CPU
	EndGlobalSection
	GlobalSection(ProjectConfigurationPlatforms) = postSolution
		{D9D6DFA2-EF20-4200-AB1E-9FB5C27631C2}.Debug|Any CPU.ActiveCfg = Debug|Any CPU
		{D9D6DFA2-EF20-4200-AB1E-9FB5C27631C2}.Debug|Any CPU.Build.0 = Debug|Any CPU
		{D9D6DFA2-EF20-4200-AB1E-9FB5C27631C2}.Release|Any CPU.ActiveCfg = Release|Any CPU
		{D9D6DFA2-EF20-4200-AB1E-9FB5C27631C2}.Release|Any CPU.Build.0 = Release|Any CPU
		{5BD83EB2-3BAF-495F-9263-2B538E2E9E20}.Debug|Any CPU.ActiveCfg = Debug|Any CPU
		{5BD83EB2-3BAF-495F-9263-2B538E2E9E20}.Debug|Any CPU.Build.0 = Debug|Any CPU
		{5BD83EB2-3BAF-495F-9263-2B538E2E9E20}.Release|Any CPU.ActiveCfg = Release|Any CPU
		{5BD83EB2-3BAF-495F-9263-2B538E2E9E20}.Release|Any CPU.Build.0 = Release|Any CPU
		{2A36598B-DB74-41A9-A64C-A383B37CF6BA}.Debug|Any CPU.ActiveCfg = Debug|Any CPU
		{2A36598B-DB74-41A9-A64C-A383B37CF6BA}.Debug|Any CPU.Build.0 = Debug|Any CPU
		{2A36598B-DB74-41A9-A64C-A383B37CF6BA}.Release|Any CPU.ActiveCfg = Release|Any CPU
		{2A36598B-DB74-41A9-A64C-A383B37CF6BA}.Release|Any CPU.Build.0 = Release|Any CPU
		{60031AC0-43A9-4C1F-A576-A6BA7000B9D1}.Debug|Any CPU.ActiveCfg = Debug|Any CPU
		{60031AC0-43A9-4C1F-A576-A6BA7000B9D1}.Debug|Any CPU.Build.0 = Debug|Any CPU
		{60031AC0-43A9-4C1F-A576-A6BA7000B9D1}.Release|Any CPU.ActiveCfg = Release|Any CPU
		{60031AC0-43A9-4C1F-A576-A6BA7000B9D1}.Release|Any CPU.Build.0 = Release|Any CPU
		{5CE32858-70D1-4B49-9916-F340BEB6EF99}.Debug|Any CPU.ActiveCfg = Debug|Any CPU
		{5CE32858-70D1-4B49-9916-F340BEB6EF99}.Debug|Any CPU.Build.0 = Debug|Any CPU
		{5CE32858-70D1-4B49-9916-F340BEB6EF99}.Release|Any CPU.ActiveCfg = Release|Any CPU
		{5CE32858-70D1-4B49-9916-F340BEB6EF99}.Release|Any CPU.Build.0 = Release|Any CPU
		{473102FF-52F8-4442-9466-BE7CD5B57039}.Debug|Any CPU.ActiveCfg = Debug|Any CPU
		{473102FF-52F8-4442-9466-BE7CD5B57039}.Debug|Any CPU.Build.0 = Debug|Any CPU
		{473102FF-52F8-4442-9466-BE7CD5B57039}.Release|Any CPU.ActiveCfg = Release|Any CPU
		{473102FF-52F8-4442-9466-BE7CD5B57039}.Release|Any CPU.Build.0 = Release|Any CPU
		{5B75E028-A4AB-428F-A2BF-26F2C1A4A3BE}.Debug|Any CPU.ActiveCfg = Debug|Any CPU
		{5B75E028-A4AB-428F-A2BF-26F2C1A4A3BE}.Debug|Any CPU.Build.0 = Debug|Any CPU
		{5B75E028-A4AB-428F-A2BF-26F2C1A4A3BE}.Release|Any CPU.ActiveCfg = Release|Any CPU
		{5B75E028-A4AB-428F-A2BF-26F2C1A4A3BE}.Release|Any CPU.Build.0 = Release|Any CPU
		{12FDED4B-00AB-4E9C-8D8F-C0FEDC2317A1}.Debug|Any CPU.ActiveCfg = Debug|Any CPU
		{12FDED4B-00AB-4E9C-8D8F-C0FEDC2317A1}.Debug|Any CPU.Build.0 = Debug|Any CPU
		{12FDED4B-00AB-4E9C-8D8F-C0FEDC2317A1}.Release|Any CPU.ActiveCfg = Release|Any CPU
		{12FDED4B-00AB-4E9C-8D8F-C0FEDC2317A1}.Release|Any CPU.Build.0 = Release|Any CPU
		{D46588CF-6465-45A9-8D68-F6DC418680F5}.Debug|Any CPU.ActiveCfg = Debug|Any CPU
		{D46588CF-6465-45A9-8D68-F6DC418680F5}.Debug|Any CPU.Build.0 = Debug|Any CPU
		{D46588CF-6465-45A9-8D68-F6DC418680F5}.Release|Any CPU.ActiveCfg = Release|Any CPU
		{D46588CF-6465-45A9-8D68-F6DC418680F5}.Release|Any CPU.Build.0 = Release|Any CPU
		{F6AF458B-28E9-44A9-8E6D-6F2A19DC44EA}.Debug|Any CPU.ActiveCfg = Debug|Any CPU
		{F6AF458B-28E9-44A9-8E6D-6F2A19DC44EA}.Debug|Any CPU.Build.0 = Debug|Any CPU
		{F6AF458B-28E9-44A9-8E6D-6F2A19DC44EA}.Release|Any CPU.ActiveCfg = Release|Any CPU
		{F6AF458B-28E9-44A9-8E6D-6F2A19DC44EA}.Release|Any CPU.Build.0 = Release|Any CPU
		{2BFACDC3-F44D-4199-8498-F5C3C4AC0335}.Debug|Any CPU.ActiveCfg = Debug|Any CPU
		{2BFACDC3-F44D-4199-8498-F5C3C4AC0335}.Debug|Any CPU.Build.0 = Debug|Any CPU
		{2BFACDC3-F44D-4199-8498-F5C3C4AC0335}.Release|Any CPU.ActiveCfg = Release|Any CPU
		{2BFACDC3-F44D-4199-8498-F5C3C4AC0335}.Release|Any CPU.Build.0 = Release|Any CPU
		{E461C0A8-8900-485C-B520-E929BA33F712}.Debug|Any CPU.ActiveCfg = Debug|Any CPU
		{E461C0A8-8900-485C-B520-E929BA33F712}.Debug|Any CPU.Build.0 = Debug|Any CPU
		{E461C0A8-8900-485C-B520-E929BA33F712}.Release|Any CPU.ActiveCfg = Release|Any CPU
		{E461C0A8-8900-485C-B520-E929BA33F712}.Release|Any CPU.Build.0 = Release|Any CPU
	EndGlobalSection
	GlobalSection(SolutionProperties) = preSolution
		HideSolutionNode = FALSE
	EndGlobalSection
	GlobalSection(NestedProjects) = preSolution
		{D9D6DFA2-EF20-4200-AB1E-9FB5C27631C2} = {B2C2D6FD-FB34-4A4C-8439-B80A41BBA8B9}
		{78EB5D51-70FC-4CAC-89CE-DDCC68915944} = {8ED8F612-1203-499F-98B9-C9AFCC2042E9}
		{5BD83EB2-3BAF-495F-9263-2B538E2E9E20} = {78EB5D51-70FC-4CAC-89CE-DDCC68915944}
		{2A36598B-DB74-41A9-A64C-A383B37CF6BA} = {78EB5D51-70FC-4CAC-89CE-DDCC68915944}
		{60031AC0-43A9-4C1F-A576-A6BA7000B9D1} = {78EB5D51-70FC-4CAC-89CE-DDCC68915944}
		{5CE32858-70D1-4B49-9916-F340BEB6EF99} = {8ED8F612-1203-499F-98B9-C9AFCC2042E9}
		{473102FF-52F8-4442-9466-BE7CD5B57039} = {8ED8F612-1203-499F-98B9-C9AFCC2042E9}
		{8520DC1F-8B48-44F2-90BA-A72AB1B5F2B2} = {2FE1A0DE-E1D6-4F0A-AF30-0FA2B01ADEFF}
		{5B75E028-A4AB-428F-A2BF-26F2C1A4A3BE} = {8520DC1F-8B48-44F2-90BA-A72AB1B5F2B2}
		{12FDED4B-00AB-4E9C-8D8F-C0FEDC2317A1} = {8520DC1F-8B48-44F2-90BA-A72AB1B5F2B2}
		{D46588CF-6465-45A9-8D68-F6DC418680F5} = {2FE1A0DE-E1D6-4F0A-AF30-0FA2B01ADEFF}
		{F6AF458B-28E9-44A9-8E6D-6F2A19DC44EA} = {69308D03-8FC6-4B8B-BF88-0B5B5543D913}
		{2BFACDC3-F44D-4199-8498-F5C3C4AC0335} = {7EFD5316-D18C-4886-8378-81A785C91858}
		{E461C0A8-8900-485C-B520-E929BA33F712} = {7EFD5316-D18C-4886-8378-81A785C91858}
	EndGlobalSection
	GlobalSection(ExtensibilityGlobals) = postSolution
		SolutionGuid = {18D9D72D-0853-453A-970D-67D39D062C81}
	EndGlobalSection
EndGlobal
